
Microsoft Visual Studio Solution File, Format Version 12.00
# Visual Studio Version 17
VisualStudioVersion = 17.14.36623.8 d17.14
MinimumVisualStudioVersion = 10.0.40219.1
Project("{FAE04EC0-301F-11D3-BF4B-00C04F79EFBC}") = "LogisticsInvoiceCalculatorApi", "LogisticsInvoiceCalculatorApi\LogisticsInvoiceCalculatorApi.csproj", "{47E218AE-7689-4BFF-985C-7BF23E73DD03}"
EndProject
Project("{FAE04EC0-301F-11D3-BF4B-00C04F79EFBC}") = "LogisticsInvoiceCalculator.UnitTests", "LogisticsInvoiceCalculator.UnitTests\LogisticsInvoiceCalculator.UnitTests.csproj", "{6F6D71ED-DF62-45B4-9F83-D2ABAC220760}"
EndProject
Project("{FAE04EC0-301F-11D3-BF4B-00C04F79EFBC}") = "LogisticsInvoiceCalculator.IntegrationTests", "LogisticsInvoiceCalculator.IntegrationTests\LogisticsInvoiceCalculator.IntegrationTests.csproj", "{BB15C0D8-A2CB-4502-8469-9EEE3D8876C8}"
EndProject
Global
	GlobalSection(SolutionConfigurationPlatforms) = preSolution
		Debug|Any CPU = Debug|Any CPU
		Release|Any CPU = Release|Any CPU
	EndGlobalSection
	GlobalSection(ProjectConfigurationPlatforms) = postSolution
		{47E218AE-7689-4BFF-985C-7BF23E73DD03}.Debug|Any CPU.ActiveCfg = Debug|Any CPU
		{47E218AE-7689-4BFF-985C-7BF23E73DD03}.Debug|Any CPU.Build.0 = Debug|Any CPU
		{47E218AE-7689-4BFF-985C-7BF23E73DD03}.Release|Any CPU.ActiveCfg = Release|Any CPU
		{47E218AE-7689-4BFF-985C-7BF23E73DD03}.Release|Any CPU.Build.0 = Release|Any CPU
		{6F6D71ED-DF62-45B4-9F83-D2ABAC220760}.Debug|Any CPU.ActiveCfg = Debug|Any CPU
		{6F6D71ED-DF62-45B4-9F83-D2ABAC220760}.Debug|Any CPU.Build.0 = Debug|Any CPU
		{6F6D71ED-DF62-45B4-9F83-D2ABAC220760}.Release|Any CPU.ActiveCfg = Release|Any CPU
		{6F6D71ED-DF62-45B4-9F83-D2ABAC220760}.Release|Any CPU.Build.0 = Release|Any CPU
		{BB15C0D8-A2CB-4502-8469-9EEE3D8876C8}.Debug|Any CPU.ActiveCfg = Debug|Any CPU
		{BB15C0D8-A2CB-4502-8469-9EEE3D8876C8}.Debug|Any CPU.Build.0 = Debug|Any CPU
		{BB15C0D8-A2CB-4502-8469-9EEE3D8876C8}.Release|Any CPU.ActiveCfg = Release|Any CPU
		{BB15C0D8-A2CB-4502-8469-9EEE3D8876C8}.Release|Any CPU.Build.0 = Release|Any CPU
	EndGlobalSection
	GlobalSection(SolutionProperties) = preSolution
		HideSolutionNode = FALSE
	EndGlobalSection
	GlobalSection(ExtensibilityGlobals) = postSolution
		SolutionGuid = {2C21A61A-3628-402E-BA2B-1810328BB9E1}
	EndGlobalSection
EndGlobal
